
Microsoft Visual Studio Solution File, Format Version 12.00
# Visual Studio Version 17
VisualStudioVersion = 17.10.34928.147
MinimumVisualStudioVersion = 10.0.40219.1
Project("{9A19103F-16F7-4668-BE54-9A1E7A4F7556}") = "CsharpCollections2", "CsharpCollections2\CsharpCollections2.csproj", "{3E763DA1-5BFB-41FF-8E4A-2F542D91D179}"
EndProject
Project("{9A19103F-16F7-4668-BE54-9A1E7A4F7556}") = "SortedDictionary", "SortedDictionary\SortedDictionary.csproj", "{68149992-805B-4A7C-B59C-DD38BB56A38D}"
EndProject
Project("{9A19103F-16F7-4668-BE54-9A1E7A4F7556}") = "SortedSet", "SortedSet\SortedSet.csproj", "{1C1454FA-616C-430C-A4D6-A319E6299805}"
EndProject
Project("{9A19103F-16F7-4668-BE54-9A1E7A4F7556}") = "arrayMultidimensional", "arrayMultidimensional\arrayMultidimensional.csproj", "{3EB27F84-AC42-4488-B99A-22C513A8060A}"
EndProject
Project("{2150E333-8FDC-42A3-9474-1A3956D46DE8}") = "Aula1", "Aula1", "{6016BE76-35CE-401B-99DD-51336EF97378}"
EndProject
Project("{2150E333-8FDC-42A3-9474-1A3956D46DE8}") = "Aula2", "Aula2", "{EE31CFD6-2CA2-45CC-917F-2F02683F66FE}"
EndProject
Project("{9A19103F-16F7-4668-BE54-9A1E7A4F7556}") = "jaggedArray", "jaggedArray\jaggedArray.csproj", "{4E4A0880-0489-4301-8D20-4A284F15A3CC}"
EndProject
Project("{2150E333-8FDC-42A3-9474-1A3956D46DE8}") = "Aula3", "Aula3", "{1E0EE478-99F2-4BCD-A54B-B86D7BCD1E68}"
EndProject
Project("{9A19103F-16F7-4668-BE54-9A1E7A4F7556}") = "ConsultandoCollections", "ConsultandoCollections\ConsultandoCollections.csproj", "{A5B23656-69C3-42F7-BDFE-0D775658B093}"
EndProject
Project("{2150E333-8FDC-42A3-9474-1A3956D46DE8}") = "Aula4", "Aula4", "{B0FBDF0E-4D40-45D9-9485-8850BAD2581E}"
EndProject
Project("{9A19103F-16F7-4668-BE54-9A1E7A4F7556}") = "outrosOperadoresLINQ", "outrosOperadoresLINQ\outrosOperadoresLINQ.csproj", "{3FF4D0E8-77AD-4A25-9124-3CFA8C0C8BA8}"
EndProject
Project("{9A19103F-16F7-4668-BE54-9A1E7A4F7556}") = "OperadoresDeConjuntos", "OperadoresDeConjuntos\OperadoresDeConjuntos.csproj", "{1F70C179-93DE-40B2-BA52-F05D547E1B3C}"
EndProject
Project("{2150E333-8FDC-42A3-9474-1A3956D46DE8}") = "Aula5", "Aula5", "{2C59C1D8-685F-4692-BBF0-E4805F3E41BF}"
EndProject
Project("{9A19103F-16F7-4668-BE54-9A1E7A4F7556}") = "Covariança", "Covariança\Covariança.csproj", "{7FF80BA5-BB50-4229-BEB1-28E9E16628AF}"
EndProject
Project("{FAE04EC0-301F-11D3-BF4B-00C04F79EFBC}") = "Foreach", "Foreach\Foreach.csproj", "{0E4F04AC-2890-40F7-A54B-B79527301811}"
EndProject
Global
	GlobalSection(SolutionConfigurationPlatforms) = preSolution
		Debug|Any CPU = Debug|Any CPU
		Release|Any CPU = Release|Any CPU
	EndGlobalSection
	GlobalSection(ProjectConfigurationPlatforms) = postSolution
		{3E763DA1-5BFB-41FF-8E4A-2F542D91D179}.Debug|Any CPU.ActiveCfg = Debug|Any CPU
		{3E763DA1-5BFB-41FF-8E4A-2F542D91D179}.Debug|Any CPU.Build.0 = Debug|Any CPU
		{3E763DA1-5BFB-41FF-8E4A-2F542D91D179}.Release|Any CPU.ActiveCfg = Release|Any CPU
		{3E763DA1-5BFB-41FF-8E4A-2F542D91D179}.Release|Any CPU.Build.0 = Release|Any CPU
		{68149992-805B-4A7C-B59C-DD38BB56A38D}.Debug|Any CPU.ActiveCfg = Debug|Any CPU
		{68149992-805B-4A7C-B59C-DD38BB56A38D}.Debug|Any CPU.Build.0 = Debug|Any CPU
		{68149992-805B-4A7C-B59C-DD38BB56A38D}.Release|Any CPU.ActiveCfg = Release|Any CPU
		{68149992-805B-4A7C-B59C-DD38BB56A38D}.Release|Any CPU.Build.0 = Release|Any CPU
		{1C1454FA-616C-430C-A4D6-A319E6299805}.Debug|Any CPU.ActiveCfg = Debug|Any CPU
		{1C1454FA-616C-430C-A4D6-A319E6299805}.Debug|Any CPU.Build.0 = Debug|Any CPU
		{1C1454FA-616C-430C-A4D6-A319E6299805}.Release|Any CPU.ActiveCfg = Release|Any CPU
		{1C1454FA-616C-430C-A4D6-A319E6299805}.Release|Any CPU.Build.0 = Release|Any CPU
		{3EB27F84-AC42-4488-B99A-22C513A8060A}.Debug|Any CPU.ActiveCfg = Debug|Any CPU
		{3EB27F84-AC42-4488-B99A-22C513A8060A}.Debug|Any CPU.Build.0 = Debug|Any CPU
		{3EB27F84-AC42-4488-B99A-22C513A8060A}.Release|Any CPU.ActiveCfg = Release|Any CPU
		{3EB27F84-AC42-4488-B99A-22C513A8060A}.Release|Any CPU.Build.0 = Release|Any CPU
		{4E4A0880-0489-4301-8D20-4A284F15A3CC}.Debug|Any CPU.ActiveCfg = Debug|Any CPU
		{4E4A0880-0489-4301-8D20-4A284F15A3CC}.Debug|Any CPU.Build.0 = Debug|Any CPU
		{4E4A0880-0489-4301-8D20-4A284F15A3CC}.Release|Any CPU.ActiveCfg = Release|Any CPU
		{4E4A0880-0489-4301-8D20-4A284F15A3CC}.Release|Any CPU.Build.0 = Release|Any CPU
		{A5B23656-69C3-42F7-BDFE-0D775658B093}.Debug|Any CPU.ActiveCfg = Debug|Any CPU
		{A5B23656-69C3-42F7-BDFE-0D775658B093}.Debug|Any CPU.Build.0 = Debug|Any CPU
		{A5B23656-69C3-42F7-BDFE-0D775658B093}.Release|Any CPU.ActiveCfg = Release|Any CPU
		{A5B23656-69C3-42F7-BDFE-0D775658B093}.Release|Any CPU.Build.0 = Release|Any CPU
		{3FF4D0E8-77AD-4A25-9124-3CFA8C0C8BA8}.Debug|Any CPU.ActiveCfg = Debug|Any CPU
		{3FF4D0E8-77AD-4A25-9124-3CFA8C0C8BA8}.Debug|Any CPU.Build.0 = Debug|Any CPU
		{3FF4D0E8-77AD-4A25-9124-3CFA8C0C8BA8}.Release|Any CPU.ActiveCfg = Release|Any CPU
		{3FF4D0E8-77AD-4A25-9124-3CFA8C0C8BA8}.Release|Any CPU.Build.0 = Release|Any CPU
		{1F70C179-93DE-40B2-BA52-F05D547E1B3C}.Debug|Any CPU.ActiveCfg = Debug|Any CPU
		{1F70C179-93DE-40B2-BA52-F05D547E1B3C}.Debug|Any CPU.Build.0 = Debug|Any CPU
		{1F70C179-93DE-40B2-BA52-F05D547E1B3C}.Release|Any CPU.ActiveCfg = Release|Any CPU
		{1F70C179-93DE-40B2-BA52-F05D547E1B3C}.Release|Any CPU.Build.0 = Release|Any CPU
		{7FF80BA5-BB50-4229-BEB1-28E9E16628AF}.Debug|Any CPU.ActiveCfg = Debug|Any CPU
		{7FF80BA5-BB50-4229-BEB1-28E9E16628AF}.Debug|Any CPU.Build.0 = Debug|Any CPU
		{7FF80BA5-BB50-4229-BEB1-28E9E16628AF}.Release|Any CPU.ActiveCfg = Release|Any CPU
		{7FF80BA5-BB50-4229-BEB1-28E9E16628AF}.Release|Any CPU.Build.0 = Release|Any CPU
		{0E4F04AC-2890-40F7-A54B-B79527301811}.Debug|Any CPU.ActiveCfg = Debug|Any CPU
		{0E4F04AC-2890-40F7-A54B-B79527301811}.Debug|Any CPU.Build.0 = Debug|Any CPU
		{0E4F04AC-2890-40F7-A54B-B79527301811}.Release|Any CPU.ActiveCfg = Release|Any CPU
		{0E4F04AC-2890-40F7-A54B-B79527301811}.Release|Any CPU.Build.0 = Release|Any CPU
	EndGlobalSection
	GlobalSection(SolutionProperties) = preSolution
		HideSolutionNode = FALSE
	EndGlobalSection
	GlobalSection(NestedProjects) = preSolution
		{3E763DA1-5BFB-41FF-8E4A-2F542D91D179} = {6016BE76-35CE-401B-99DD-51336EF97378}
		{68149992-805B-4A7C-B59C-DD38BB56A38D} = {6016BE76-35CE-401B-99DD-51336EF97378}
		{1C1454FA-616C-430C-A4D6-A319E6299805} = {6016BE76-35CE-401B-99DD-51336EF97378}
		{3EB27F84-AC42-4488-B99A-22C513A8060A} = {EE31CFD6-2CA2-45CC-917F-2F02683F66FE}
		{4E4A0880-0489-4301-8D20-4A284F15A3CC} = {EE31CFD6-2CA2-45CC-917F-2F02683F66FE}
		{A5B23656-69C3-42F7-BDFE-0D775658B093} = {1E0EE478-99F2-4BCD-A54B-B86D7BCD1E68}
		{3FF4D0E8-77AD-4A25-9124-3CFA8C0C8BA8} = {B0FBDF0E-4D40-45D9-9485-8850BAD2581E}
		{1F70C179-93DE-40B2-BA52-F05D547E1B3C} = {B0FBDF0E-4D40-45D9-9485-8850BAD2581E}
		{7FF80BA5-BB50-4229-BEB1-28E9E16628AF} = {2C59C1D8-685F-4692-BBF0-E4805F3E41BF}
		{0E4F04AC-2890-40F7-A54B-B79527301811} = {2C59C1D8-685F-4692-BBF0-E4805F3E41BF}
	EndGlobalSection
	GlobalSection(ExtensibilityGlobals) = postSolution
		SolutionGuid = {2D073869-6CD8-408B-9BAC-7FD55ABB399D}
	EndGlobalSection
EndGlobal
